<?xml version="1.0" encoding="UTF-8" standalone="yes" ?>
<CodeBlocks_project_file>
	<FileVersion major="1" minor="6" />
	<Project>
		<Option title="jobTestCodeBlocks" />
		<Option pch_mode="2" />
		<Option default_target="Release" />
		<Option compiler="gcc" />
		<Build>
			<Target title="Debug">
				<Option output="bin/Debug/jobTestCodeBlocks" prefix_auto="1" extension_auto="1" />
				<Option object_output="obj/Debug/" />
				<Option type="1" />
				<Option compiler="gcc" />
				<Option parameters="-id 123456" />
				<Compiler>
					<Add option="-std=c++11" />
					<Add option="-g" />
					<Add option="`./wxWidgets-3.0.4/wx-config --cxxflags`" />
					<Add directory="include" />
				</Compiler>
				<Linker>
					<Add option="`./wxWidgets-3.0.4/wx-config --libs`" />
					<Add library="zlib-1.2.11/libz.a" />
					<Add library="zlib-1.2.11/contrib/minizip/ioapi.o" />
					<Add library="zlib-1.2.11/contrib/minizip/unzip.o" />
					<Add library="zlib-1.2.11/contrib/minizip/zip.o" />
					<Add library="sqlite3/.libs/libsqlite3.a" />
				</Linker>
			</Target>
			<Target title="Release">
				<Option output="bin/Release/jobTestCodeBlocks" prefix_auto="1" extension_auto="1" />
				<Option object_output="obj/Release/" />
				<Option type="1" />
				<Option compiler="gcc" />
				<Option parameters="--WID=123456" />
				<Compiler>
					<Add option="-O2" />
					<Add option="-std=c++11" />
					<Add option="`wx-config --cxxflags`" />
					<Add directory="include" />
				</Compiler>
				<Linker>
					<Add option="-s" />
					<Add option="`wx-config --libs`" />
					<Add library="zlib-1.2.11/libz.a" />
					<Add library="zlib-1.2.11/contrib/minizip/ioapi.o" />
					<Add library="zlib-1.2.11/contrib/minizip/unzip.o" />
					<Add library="zlib-1.2.11/contrib/minizip/zip.o" />
					<Add library="sqlite3/.libs/libsqlite3.a" />
				</Linker>
			</Target>
		</Build>
		<Compiler>
			<Add option="-Wall" />
			<Add option="-std=c++11" />
			<Add option="-fexceptions" />
		</Compiler>
		<Unit filename="Main.cpp" />
		<Unit filename="Main.h" />
		<Unit filename="include/FileMetadata.h" />
		<Unit filename="include/InputPathDialog.h" />
		<Unit filename="include/LogLineMetadata.h" />
		<Unit filename="include/LogMetadata.h" />
		<Unit filename="include/MainView.h" />
		<Unit filename="include/SMBIOSManager.h" />
		<Unit filename="include/SqliteDBAnalysis.h" />
		<Unit filename="include/SqliteManagement.h" />
		<Unit filename="include/ZlibManagement.h" />
		<Unit filename="src/FileMetadata.cpp" />
		<Unit filename="src/InputPathDialog.cpp" />
		<Unit filename="src/LogLineMetadata.cpp" />
		<Unit filename="src/LogMetadata.cpp" />
		<Unit filename="src/MainView.cpp" />
		<Unit filename="src/SMBIOSManager.cpp" />
		<Unit filename="src/SqliteDBAnalysis.cpp" />
		<Unit filename="src/SqliteManagement.cpp" />
		<Unit filename="src/ZlibManagement.cpp" />
		<Extensions>
			<code_completion />
			<debugger />
			<envvars />
		</Extensions>
	</Project>
</CodeBlocks_project_file>
